# This file is automatically @generated by Cargo.
# It is not intended for manual editing.
version = 3

[[package]]
name = "apple-cf"
version = "0.6.0"
source = "registry+https://github.com/rust-lang/crates.io-index"
checksum = "fa8973cd8c3dffc5266a7c4a60825f71e54d4b741ba103115727c9d67a98bb06"

[[package]]
name = "apple-metal"
version = "0.6.0"
source = "registry+https://github.com/rust-lang/crates.io-index"
checksum = "c18fb446e23d198c984f319fe2a60c6db36141096c286765b9cbab283b4e218b"
dependencies = [
 "apple-cf",
 "libc",
]

[[package]]
name = "libc"
version = "0.2.186"
source = "registry+https://github.com/rust-lang/crates.io-index"
checksum = "68ab91017fe16c622486840e4c83c9a37afeff978bd239b5293d61ece587de66"

[[package]]
name = "scenekit-rs"
version = "0.2.1"
dependencies = [
 "apple-cf",
 "apple-metal",
 "libc",
]
